// !$*UTF8*$!
{
	archiveVersion = 1;
	classes = {
	};
	objectVersion = 56;
	objects = {

/* Begin PBXBuildFile section */
		CA0A271229EE43A300558617 /* TrainingSwiftApp.swift in Sources */ = {isa = PBXBuildFile; fileRef = CA0A271129EE43A300558617 /* TrainingSwiftApp.swift */; };
		CA0A271629EE43A400558617 /* Assets.xcassets in Resources */ = {isa = PBXBuildFile; fileRef = CA0A271529EE43A400558617 /* Assets.xcassets */; };
		CA0A271929EE43A400558617 /* Preview Assets.xcassets in Resources */ = {isa = PBXBuildFile; fileRef = CA0A271829EE43A400558617 /* Preview Assets.xcassets */; };
		CA0A449B29FB6F7600903AC0 /* CardView.swift in Sources */ = {isa = PBXBuildFile; fileRef = CA0A449A29FB6F7600903AC0 /* CardView.swift */; };
		CA0A449E29FB6FFC00903AC0 /* ProfileComposableView.swift in Sources */ = {isa = PBXBuildFile; fileRef = CA0A449D29FB6FFC00903AC0 /* ProfileComposableView.swift */; };
		CA101F1E2A03DF4400BFBA07 /* MapView.swift in Sources */ = {isa = PBXBuildFile; fileRef = CA101F1D2A03DF4400BFBA07 /* MapView.swift */; };
		CA101F202A03DF4E00BFBA07 /* MapViewModel.swift in Sources */ = {isa = PBXBuildFile; fileRef = CA101F1F2A03DF4E00BFBA07 /* MapViewModel.swift */; };
		CA101F222A03DF5800BFBA07 /* MapModel.swift in Sources */ = {isa = PBXBuildFile; fileRef = CA101F212A03DF5800BFBA07 /* MapModel.swift */; };
		CA2178D72A020067005C90D5 /* NavigationStackExample.swift in Sources */ = {isa = PBXBuildFile; fileRef = CA2178D62A020067005C90D5 /* NavigationStackExample.swift */; };
		CA2178DA2A02007E005C90D5 /* NavigationSheet.swift in Sources */ = {isa = PBXBuildFile; fileRef = CA2178D92A02007E005C90D5 /* NavigationSheet.swift */; };
		CA2178DD2A020096005C90D5 /* Halfsheet.swift in Sources */ = {isa = PBXBuildFile; fileRef = CA2178DC2A020096005C90D5 /* Halfsheet.swift */; };
		CA2178E02A0206B1005C90D5 /* CustomAlertView.swift in Sources */ = {isa = PBXBuildFile; fileRef = CA2178DF2A0206B1005C90D5 /* CustomAlertView.swift */; };
		CA36056129F1991800A1F146 /* FormView.swift in Sources */ = {isa = PBXBuildFile; fileRef = CA36056029F1991800A1F146 /* FormView.swift */; };
		CA36056429F199B500A1F146 /* FormViewModel.swift in Sources */ = {isa = PBXBuildFile; fileRef = CA36056329F199B500A1F146 /* FormViewModel.swift */; };
		CA36056829F199D000A1F146 /* FormModel.swift in Sources */ = {isa = PBXBuildFile; fileRef = CA36056729F199D000A1F146 /* FormModel.swift */; };
		CA36056C29F1B0F500A1F146 /* PrimaryButton.swift in Sources */ = {isa = PBXBuildFile; fileRef = CA36056B29F1B0F500A1F146 /* PrimaryButton.swift */; };
		CA36056E29F1B2F900A1F146 /* StudentListView.swift in Sources */ = {isa = PBXBuildFile; fileRef = CA36056D29F1B2F900A1F146 /* StudentListView.swift */; };
		CA36057129F1B88600A1F146 /* View+.swift in Sources */ = {isa = PBXBuildFile; fileRef = CA36057029F1B88600A1F146 /* View+.swift */; };
		CA3D762529F77C5100D905BA /* ApiView.swift in Sources */ = {isa = PBXBuildFile; fileRef = CA3D762429F77C5100D905BA /* ApiView.swift */; };
		CA3D762729F77C7800D905BA /* PokemonModel.swift in Sources */ = {isa = PBXBuildFile; fileRef = CA3D762629F77C7800D905BA /* PokemonModel.swift */; };
		CA3D762929F77E5800D905BA /* ApiViewModel.swift in Sources */ = {isa = PBXBuildFile; fileRef = CA3D762829F77E5800D905BA /* ApiViewModel.swift */; };
		CA4EF5172A00BB29002E9DD8 /* CustomCardView.swift in Sources */ = {isa = PBXBuildFile; fileRef = CA4EF5162A00BB29002E9DD8 /* CustomCardView.swift */; };
		CA7836DA2A05F44100BC4292 /* BottomSheetView.swift in Sources */ = {isa = PBXBuildFile; fileRef = CA7836D92A05F44100BC4292 /* BottomSheetView.swift */; };
		CA7836DD2A05F62300BC4292 /* MatchedGeometry.swift in Sources */ = {isa = PBXBuildFile; fileRef = CA7836DC2A05F62300BC4292 /* MatchedGeometry.swift */; };
		CA7836E02A05FC0D00BC4292 /* Image+.swift in Sources */ = {isa = PBXBuildFile; fileRef = CA7836DF2A05FC0D00BC4292 /* Image+.swift */; };
		CAA699AA2A013BC9009C0025 /* BiometricViewModel.swift in Sources */ = {isa = PBXBuildFile; fileRef = CAA699A92A013BC9009C0025 /* BiometricViewModel.swift */; };
		CAA699AC2A013BDA009C0025 /* BiometricAuthView.swift in Sources */ = {isa = PBXBuildFile; fileRef = CAA699AB2A013BDA009C0025 /* BiometricAuthView.swift */; };
		CAA699B02A014486009C0025 /* ExpandableView.swift in Sources */ = {isa = PBXBuildFile; fileRef = CAA699AF2A014486009C0025 /* ExpandableView.swift */; };
		CACAA7B229F6B19D00C77977 /* Padding.swift in Sources */ = {isa = PBXBuildFile; fileRef = CACAA7B129F6B19D00C77977 /* Padding.swift */; };
		CACFBF7B29FA182E005EF72E /* APIManager.swift in Sources */ = {isa = PBXBuildFile; fileRef = CACFBF7A29FA182E005EF72E /* APIManager.swift */; };
		CACFBFDC29FA1D65005EF72E /* PokemonDetailView.swift in Sources */ = {isa = PBXBuildFile; fileRef = CACFBFDB29FA1D65005EF72E /* PokemonDetailView.swift */; };
		CACFBFDE29FA213A005EF72E /* Ability.swift in Sources */ = {isa = PBXBuildFile; fileRef = CACFBFDD29FA213A005EF72E /* Ability.swift */; };
		CAE70A2929F0DE9B000A2400 /* Color+.swift in Sources */ = {isa = PBXBuildFile; fileRef = CAE70A2829F0DE9B000A2400 /* Color+.swift */; };
		CAE70A2C29F0E8B4000A2400 /* TabBarView.swift in Sources */ = {isa = PBXBuildFile; fileRef = CAE70A2B29F0E8B4000A2400 /* TabBarView.swift */; };
		CFC67C552A095D9000F43F51 /* PokemonDetails.swift in Sources */ = {isa = PBXBuildFile; fileRef = CFC67C532A095D9000F43F51 /* PokemonDetails.swift */; };
		CFC67C562A095D9000F43F51 /* Abilities.swift in Sources */ = {isa = PBXBuildFile; fileRef = CFC67C542A095D9000F43F51 /* Abilities.swift */; };
		CFC67C592A095DC100F43F51 /* Lottie in Frameworks */ = {isa = PBXBuildFile; productRef = CFC67C582A095DC100F43F51 /* Lottie */; };
		CFC67C612A095E4C00F43F51 /* rocket.json in Resources */ = {isa = PBXBuildFile; fileRef = CFC67C602A095E4C00F43F51 /* rocket.json */; };
		CFC67C632A095E5900F43F51 /* LottieView.swift in Sources */ = {isa = PBXBuildFile; fileRef = CFC67C622A095E5900F43F51 /* LottieView.swift */; };
		CFC67C652A095E9900F43F51 /* LottieAnimationExample.swift in Sources */ = {isa = PBXBuildFile; fileRef = CFC67C642A095E9900F43F51 /* LottieAnimationExample.swift */; };
/* End PBXBuildFile section */

/* Begin PBXFileReference section */
		CA0A270E29EE43A300558617 /* TrainingSwift.app */ = {isa = PBXFileReference; explicitFileType = wrapper.application; includeInIndex = 0; path = TrainingSwift.app; sourceTree = BUILT_PRODUCTS_DIR; };
		CA0A271129EE43A300558617 /* TrainingSwiftApp.swift */ = {isa = PBXFileReference; lastKnownFileType = sourcecode.swift; path = TrainingSwiftApp.swift; sourceTree = "<group>"; };
		CA0A271529EE43A400558617 /* Assets.xcassets */ = {isa = PBXFileReference; lastKnownFileType = folder.assetcatalog; path = Assets.xcassets; sourceTree = "<group>"; };
		CA0A271829EE43A400558617 /* Preview Assets.xcassets */ = {isa = PBXFileReference; lastKnownFileType = folder.assetcatalog; path = "Preview Assets.xcassets"; sourceTree = "<group>"; };
		CA0A449A29FB6F7600903AC0 /* CardView.swift */ = {isa = PBXFileReference; lastKnownFileType = sourcecode.swift; path = CardView.swift; sourceTree = "<group>"; };
		CA0A449D29FB6FFC00903AC0 /* ProfileComposableView.swift */ = {isa = PBXFileReference; lastKnownFileType = sourcecode.swift; path = ProfileComposableView.swift; sourceTree = "<group>"; };
		CA101F1D2A03DF4400BFBA07 /* MapView.swift */ = {isa = PBXFileReference; lastKnownFileType = sourcecode.swift; path = MapView.swift; sourceTree = "<group>"; };
		CA101F1F2A03DF4E00BFBA07 /* MapViewModel.swift */ = {isa = PBXFileReference; lastKnownFileType = sourcecode.swift; path = MapViewModel.swift; sourceTree = "<group>"; };
		CA101F212A03DF5800BFBA07 /* MapModel.swift */ = {isa = PBXFileReference; lastKnownFileType = sourcecode.swift; path = MapModel.swift; sourceTree = "<group>"; };
		CA2178D62A020067005C90D5 /* NavigationStackExample.swift */ = {isa = PBXFileReference; lastKnownFileType = sourcecode.swift; path = NavigationStackExample.swift; sourceTree = "<group>"; };
		CA2178D92A02007E005C90D5 /* NavigationSheet.swift */ = {isa = PBXFileReference; lastKnownFileType = sourcecode.swift; path = NavigationSheet.swift; sourceTree = "<group>"; };
		CA2178DC2A020096005C90D5 /* Halfsheet.swift */ = {isa = PBXFileReference; lastKnownFileType = sourcecode.swift; path = Halfsheet.swift; sourceTree = "<group>"; };
		CA2178DF2A0206B1005C90D5 /* CustomAlertView.swift */ = {isa = PBXFileReference; lastKnownFileType = sourcecode.swift; path = CustomAlertView.swift; sourceTree = "<group>"; };
		CA36056029F1991800A1F146 /* FormView.swift */ = {isa = PBXFileReference; lastKnownFileType = sourcecode.swift; path = FormView.swift; sourceTree = "<group>"; };
		CA36056329F199B500A1F146 /* FormViewModel.swift */ = {isa = PBXFileReference; lastKnownFileType = sourcecode.swift; path = FormViewModel.swift; sourceTree = "<group>"; };
		CA36056729F199D000A1F146 /* FormModel.swift */ = {isa = PBXFileReference; lastKnownFileType = sourcecode.swift; path = FormModel.swift; sourceTree = "<group>"; };
		CA36056B29F1B0F500A1F146 /* PrimaryButton.swift */ = {isa = PBXFileReference; lastKnownFileType = sourcecode.swift; path = PrimaryButton.swift; sourceTree = "<group>"; };
		CA36056D29F1B2F900A1F146 /* StudentListView.swift */ = {isa = PBXFileReference; lastKnownFileType = sourcecode.swift; path = StudentListView.swift; sourceTree = "<group>"; };
		CA36057029F1B88600A1F146 /* View+.swift */ = {isa = PBXFileReference; lastKnownFileType = sourcecode.swift; path = "View+.swift"; sourceTree = "<group>"; };
		CA3D762429F77C5100D905BA /* ApiView.swift */ = {isa = PBXFileReference; lastKnownFileType = sourcecode.swift; path = ApiView.swift; sourceTree = "<group>"; };
		CA3D762629F77C7800D905BA /* PokemonModel.swift */ = {isa = PBXFileReference; lastKnownFileType = sourcecode.swift; path = PokemonModel.swift; sourceTree = "<group>"; };
		CA3D762829F77E5800D905BA /* ApiViewModel.swift */ = {isa = PBXFileReference; lastKnownFileType = sourcecode.swift; path = ApiViewModel.swift; sourceTree = "<group>"; };
		CA4EF5162A00BB29002E9DD8 /* CustomCardView.swift */ = {isa = PBXFileReference; lastKnownFileType = sourcecode.swift; path = CustomCardView.swift; sourceTree = "<group>"; };
		CA7836D92A05F44100BC4292 /* BottomSheetView.swift */ = {isa = PBXFileReference; lastKnownFileType = sourcecode.swift; path = BottomSheetView.swift; sourceTree = "<group>"; };
		CA7836DC2A05F62300BC4292 /* MatchedGeometry.swift */ = {isa = PBXFileReference; lastKnownFileType = sourcecode.swift; path = MatchedGeometry.swift; sourceTree = "<group>"; };
		CA7836DF2A05FC0D00BC4292 /* Image+.swift */ = {isa = PBXFileReference; lastKnownFileType = sourcecode.swift; path = "Image+.swift"; sourceTree = "<group>"; };
		CAA699A92A013BC9009C0025 /* BiometricViewModel.swift */ = {isa = PBXFileReference; lastKnownFileType = sourcecode.swift; path = BiometricViewModel.swift; sourceTree = "<group>"; };
		CAA699AB2A013BDA009C0025 /* BiometricAuthView.swift */ = {isa = PBXFileReference; lastKnownFileType = sourcecode.swift; path = BiometricAuthView.swift; sourceTree = "<group>"; };
		CAA699AD2A014133009C0025 /* Info.plist */ = {isa = PBXFileReference; lastKnownFileType = text.plist; path = Info.plist; sourceTree = "<group>"; };
		CAA699AF2A014486009C0025 /* ExpandableView.swift */ = {isa = PBXFileReference; lastKnownFileType = sourcecode.swift; path = ExpandableView.swift; sourceTree = "<group>"; };
		CACAA7B129F6B19D00C77977 /* Padding.swift */ = {isa = PBXFileReference; lastKnownFileType = sourcecode.swift; path = Padding.swift; sourceTree = "<group>"; };
		CACFBF7A29FA182E005EF72E /* APIManager.swift */ = {isa = PBXFileReference; lastKnownFileType = sourcecode.swift; path = APIManager.swift; sourceTree = "<group>"; };
		CACFBFDB29FA1D65005EF72E /* PokemonDetailView.swift */ = {isa = PBXFileReference; lastKnownFileType = sourcecode.swift; path = PokemonDetailView.swift; sourceTree = "<group>"; };
		CACFBFDD29FA213A005EF72E /* Ability.swift */ = {isa = PBXFileReference; fileEncoding = 4; lastKnownFileType = sourcecode.swift; path = Ability.swift; sourceTree = "<group>"; };
		CAE70A2829F0DE9B000A2400 /* Color+.swift */ = {isa = PBXFileReference; lastKnownFileType = sourcecode.swift; path = "Color+.swift"; sourceTree = "<group>"; };
		CAE70A2B29F0E8B4000A2400 /* TabBarView.swift */ = {isa = PBXFileReference; lastKnownFileType = sourcecode.swift; path = TabBarView.swift; sourceTree = "<group>"; };
		CFC67C532A095D9000F43F51 /* PokemonDetails.swift */ = {isa = PBXFileReference; fileEncoding = 4; lastKnownFileType = sourcecode.swift; path = PokemonDetails.swift; sourceTree = "<group>"; };
		CFC67C542A095D9000F43F51 /* Abilities.swift */ = {isa = PBXFileReference; fileEncoding = 4; lastKnownFileType = sourcecode.swift; path = Abilities.swift; sourceTree = "<group>"; };
		CFC67C602A095E4C00F43F51 /* rocket.json */ = {isa = PBXFileReference; fileEncoding = 4; lastKnownFileType = text.json; path = rocket.json; sourceTree = "<group>"; };
		CFC67C622A095E5900F43F51 /* LottieView.swift */ = {isa = PBXFileReference; lastKnownFileType = sourcecode.swift; path = LottieView.swift; sourceTree = "<group>"; };
		CFC67C642A095E9900F43F51 /* LottieAnimationExample.swift */ = {isa = PBXFileReference; lastKnownFileType = sourcecode.swift; path = LottieAnimationExample.swift; sourceTree = "<group>"; };
/* End PBXFileReference section */

/* Begin PBXFrameworksBuildPhase section */
		CA0A270B29EE43A300558617 /* Frameworks */ = {
			isa = PBXFrameworksBuildPhase;
			buildActionMask = 2147483647;
			files = (
				CFC67C592A095DC100F43F51 /* Lottie in Frameworks */,
			);
			runOnlyForDeploymentPostprocessing = 0;
		};
/* End PBXFrameworksBuildPhase section */

/* Begin PBXGroup section */
		CA0A270529EE43A300558617 = {
			isa = PBXGroup;
			children = (
				CA0A271029EE43A300558617 /* TrainingSwift */,
				CA0A270F29EE43A300558617 /* Products */,
			);
			sourceTree = "<group>";
		};
		CA0A270F29EE43A300558617 /* Products */ = {
			isa = PBXGroup;
			children = (
				CA0A270E29EE43A300558617 /* TrainingSwift.app */,
			);
			name = Products;
			sourceTree = "<group>";
		};
		CA0A271029EE43A300558617 /* TrainingSwift */ = {
			isa = PBXGroup;
			children = (
				CFC67C5D2A095E2A00F43F51 /* LottieView */,
				CAA699AD2A014133009C0025 /* Info.plist */,
				CA0A449929FB6F6500903AC0 /* Helper */,
				CACFBF7929FA1820005EF72E /* Networking */,
				CA36056929F1B0CB00A1F146 /* ComposableView */,
				CAE70A2629F0DE69000A2400 /* Extension */,
				CAFF562829EF8FE0001BEB8D /* Screens */,
				CA0A271129EE43A300558617 /* TrainingSwiftApp.swift */,
				CA0A271529EE43A400558617 /* Assets.xcassets */,
				CA0A271729EE43A400558617 /* Preview Content */,
			);
			path = TrainingSwift;
			sourceTree = "<group>";
		};
		CA0A271729EE43A400558617 /* Preview Content */ = {
			isa = PBXGroup;
			children = (
				CA0A271829EE43A400558617 /* Preview Assets.xcassets */,
			);
			path = "Preview Content";
			sourceTree = "<group>";
		};
		CA0A449929FB6F6500903AC0 /* Helper */ = {
			isa = PBXGroup;
			children = (
				CA0A449A29FB6F7600903AC0 /* CardView.swift */,
			);
			path = Helper;
			sourceTree = "<group>";
		};
		CA0A449C29FB6FDA00903AC0 /* ProfileCard */ = {
			isa = PBXGroup;
			children = (
				CA0A449D29FB6FFC00903AC0 /* ProfileComposableView.swift */,
				CA4EF5162A00BB29002E9DD8 /* CustomCardView.swift */,
			);
			path = ProfileCard;
			sourceTree = "<group>";
		};
		CA101F192A03DF1D00BFBA07 /* MapView */ = {
			isa = PBXGroup;
			children = (
				CA101F1C2A03DF3600BFBA07 /* Model */,
				CA101F1B2A03DF2F00BFBA07 /* ViewModel */,
				CA101F1A2A03DF2A00BFBA07 /* View */,
			);
			path = MapView;
			sourceTree = "<group>";
		};
		CA101F1A2A03DF2A00BFBA07 /* View */ = {
			isa = PBXGroup;
			children = (
				CA101F1D2A03DF4400BFBA07 /* MapView.swift */,
			);
			path = View;
			sourceTree = "<group>";
		};
		CA101F1B2A03DF2F00BFBA07 /* ViewModel */ = {
			isa = PBXGroup;
			children = (
				CA101F1F2A03DF4E00BFBA07 /* MapViewModel.swift */,
			);
			path = ViewModel;
			sourceTree = "<group>";
		};
		CA101F1C2A03DF3600BFBA07 /* Model */ = {
			isa = PBXGroup;
			children = (
				CA101F212A03DF5800BFBA07 /* MapModel.swift */,
			);
			path = Model;
			sourceTree = "<group>";
		};
		CA2178D42A02000D005C90D5 /* Navigations */ = {
			isa = PBXGroup;
			children = (
				CA2178DB2A020084005C90D5 /* HalfSheet */,
				CA2178D82A02006C005C90D5 /* NavigationSheet */,
				CA2178D52A02003C005C90D5 /* NavigationStack */,
			);
			path = Navigations;
			sourceTree = "<group>";
		};
		CA2178D52A02003C005C90D5 /* NavigationStack */ = {
			isa = PBXGroup;
			children = (
				CA2178D62A020067005C90D5 /* NavigationStackExample.swift */,
			);
			path = NavigationStack;
			sourceTree = "<group>";
		};
		CA2178D82A02006C005C90D5 /* NavigationSheet */ = {
			isa = PBXGroup;
			children = (
				CA2178D92A02007E005C90D5 /* NavigationSheet.swift */,
			);
			path = NavigationSheet;
			sourceTree = "<group>";
		};
		CA2178DB2A020084005C90D5 /* HalfSheet */ = {
			isa = PBXGroup;
			children = (
				CA2178DC2A020096005C90D5 /* Halfsheet.swift */,
			);
			path = HalfSheet;
			sourceTree = "<group>";
		};
		CA2178DE2A02069D005C90D5 /* CustomAlertView */ = {
			isa = PBXGroup;
			children = (
				CA2178DF2A0206B1005C90D5 /* CustomAlertView.swift */,
			);
			path = CustomAlertView;
			sourceTree = "<group>";
		};
		CA36055F29F1990E00A1F146 /* Forms */ = {
			isa = PBXGroup;
			children = (
				CA36056629F199C300A1F146 /* Model */,
				CA36056529F199BA00A1F146 /* View */,
				CA36056229F199A800A1F146 /* ViewModel */,
			);
			path = Forms;
			sourceTree = "<group>";
		};
		CA36056229F199A800A1F146 /* ViewModel */ = {
			isa = PBXGroup;
			children = (
				CA36056329F199B500A1F146 /* FormViewModel.swift */,
			);
			path = ViewModel;
			sourceTree = "<group>";
		};
		CA36056529F199BA00A1F146 /* View */ = {
			isa = PBXGroup;
			children = (
				CA36056029F1991800A1F146 /* FormView.swift */,
				CA36056D29F1B2F900A1F146 /* StudentListView.swift */,
			);
			path = View;
			sourceTree = "<group>";
		};
		CA36056629F199C300A1F146 /* Model */ = {
			isa = PBXGroup;
			children = (
				CA36056729F199D000A1F146 /* FormModel.swift */,
			);
			path = Model;
			sourceTree = "<group>";
		};
		CA36056929F1B0CB00A1F146 /* ComposableView */ = {
			isa = PBXGroup;
			children = (
				CA0A449C29FB6FDA00903AC0 /* ProfileCard */,
				CA36056A29F1B0D700A1F146 /* Buttons */,
			);
			path = ComposableView;
			sourceTree = "<group>";
		};
		CA36056A29F1B0D700A1F146 /* Buttons */ = {
			isa = PBXGroup;
			children = (
				CA36056B29F1B0F500A1F146 /* PrimaryButton.swift */,
			);
			path = Buttons;
			sourceTree = "<group>";
		};
		CA36056F29F1B87600A1F146 /* View+ */ = {
			isa = PBXGroup;
			children = (
				CA36057029F1B88600A1F146 /* View+.swift */,
			);
			path = "View+";
			sourceTree = "<group>";
		};
		CA3D762029F77C2700D905BA /* ApiCall */ = {
			isa = PBXGroup;
			children = (
				CA3D762329F77C4000D905BA /* ViewModel */,
				CA3D762229F77C3A00D905BA /* Model */,
				CA3D762129F77C3100D905BA /* View */,
			);
			path = ApiCall;
			sourceTree = "<group>";
		};
		CA3D762129F77C3100D905BA /* View */ = {
			isa = PBXGroup;
			children = (
				CA3D762429F77C5100D905BA /* ApiView.swift */,
				CACFBFDB29FA1D65005EF72E /* PokemonDetailView.swift */,
			);
			path = View;
			sourceTree = "<group>";
		};
		CA3D762229F77C3A00D905BA /* Model */ = {
			isa = PBXGroup;
			children = (
				CACFBF7C29FA1BA4005EF72E /* Models */,
				CA3D762629F77C7800D905BA /* PokemonModel.swift */,
			);
			path = Model;
			sourceTree = "<group>";
		};
		CA3D762329F77C4000D905BA /* ViewModel */ = {
			isa = PBXGroup;
			children = (
				CA3D762829F77E5800D905BA /* ApiViewModel.swift */,
			);
			path = ViewModel;
			sourceTree = "<group>";
		};
		CA7836D82A05F42A00BC4292 /* BottomSheetView */ = {
			isa = PBXGroup;
			children = (
				CA7836D92A05F44100BC4292 /* BottomSheetView.swift */,
			);
			path = BottomSheetView;
			sourceTree = "<group>";
		};
		CA7836DB2A05F61200BC4292 /* MatchedGeometry */ = {
			isa = PBXGroup;
			children = (
				CA7836DC2A05F62300BC4292 /* MatchedGeometry.swift */,
			);
			path = MatchedGeometry;
			sourceTree = "<group>";
		};
		CA7836DE2A05FBFF00BC4292 /* Image+ */ = {
			isa = PBXGroup;
			children = (
				CA7836DF2A05FC0D00BC4292 /* Image+.swift */,
			);
			path = "Image+";
			sourceTree = "<group>";
		};
		CAA699A62A013BA8009C0025 /* BiometricAuth */ = {
			isa = PBXGroup;
			children = (
				CAA699A82A013BB9009C0025 /* View */,
				CAA699A72A013BB1009C0025 /* ViewModel */,
			);
			path = BiometricAuth;
			sourceTree = "<group>";
		};
		CAA699A72A013BB1009C0025 /* ViewModel */ = {
			isa = PBXGroup;
			children = (
				CAA699A92A013BC9009C0025 /* BiometricViewModel.swift */,
			);
			path = ViewModel;
			sourceTree = "<group>";
		};
		CAA699A82A013BB9009C0025 /* View */ = {
			isa = PBXGroup;
			children = (
				CAA699AB2A013BDA009C0025 /* BiometricAuthView.swift */,
			);
			path = View;
			sourceTree = "<group>";
		};
		CAA699AE2A014474009C0025 /* ExpandableView */ = {
			isa = PBXGroup;
			children = (
				CAA699AF2A014486009C0025 /* ExpandableView.swift */,
			);
			path = ExpandableView;
			sourceTree = "<group>";
		};
		CACAA7B029F6B18300C77977 /* Padding */ = {
			isa = PBXGroup;
			children = (
				CACAA7B129F6B19D00C77977 /* Padding.swift */,
			);
			path = Padding;
			sourceTree = "<group>";
		};
		CACFBF7929FA1820005EF72E /* Networking */ = {
			isa = PBXGroup;
			children = (
				CACFBF7A29FA182E005EF72E /* APIManager.swift */,
			);
			path = Networking;
			sourceTree = "<group>";
		};
		CACFBF7C29FA1BA4005EF72E /* Models */ = {
			isa = PBXGroup;
			children = (
				CFC67C542A095D9000F43F51 /* Abilities.swift */,
				CFC67C532A095D9000F43F51 /* PokemonDetails.swift */,
				CACFBFDD29FA213A005EF72E /* Ability.swift */,
			);
			path = Models;
			sourceTree = "<group>";
		};
		CAE70A2629F0DE69000A2400 /* Extension */ = {
			isa = PBXGroup;
			children = (
				CA7836DE2A05FBFF00BC4292 /* Image+ */,
				CA36056F29F1B87600A1F146 /* View+ */,
				CAE70A2729F0DE77000A2400 /* Color+ */,
			);
			path = Extension;
			sourceTree = "<group>";
		};
		CAE70A2729F0DE77000A2400 /* Color+ */ = {
			isa = PBXGroup;
			children = (
				CAE70A2829F0DE9B000A2400 /* Color+.swift */,
			);
			path = "Color+";
			sourceTree = "<group>";
		};
		CAE70A2A29F0E8A4000A2400 /* TabBar */ = {
			isa = PBXGroup;
			children = (
				CAE70A2B29F0E8B4000A2400 /* TabBarView.swift */,
			);
			path = TabBar;
			sourceTree = "<group>";
		};
		CAFF562829EF8FE0001BEB8D /* Screens */ = {
			isa = PBXGroup;
			children = (
				CFC67C5A2A095DF200F43F51 /* LottieView */,
				CA7836DB2A05F61200BC4292 /* MatchedGeometry */,
				CA7836D82A05F42A00BC4292 /* BottomSheetView */,
				CA101F192A03DF1D00BFBA07 /* MapView */,
				CA2178DE2A02069D005C90D5 /* CustomAlertView */,
				CA2178D42A02000D005C90D5 /* Navigations */,
				CAA699AE2A014474009C0025 /* ExpandableView */,
				CAA699A62A013BA8009C0025 /* BiometricAuth */,
				CA3D762029F77C2700D905BA /* ApiCall */,
				CACAA7B029F6B18300C77977 /* Padding */,
				CA36055F29F1990E00A1F146 /* Forms */,
				CAE70A2A29F0E8A4000A2400 /* TabBar */,
			);
			path = Screens;
			sourceTree = "<group>";
		};
		CFC67C5A2A095DF200F43F51 /* LottieView */ = {
			isa = PBXGroup;
			children = (
				CFC67C642A095E9900F43F51 /* LottieAnimationExample.swift */,
			);
			path = LottieView;
			sourceTree = "<group>";
		};
		CFC67C5D2A095E2A00F43F51 /* LottieView */ = {
			isa = PBXGroup;
			children = (
				CFC67C5F2A095E3A00F43F51 /* LottieJson */,
				CFC67C5E2A095E3200F43F51 /* LottieView */,
			);
			path = LottieView;
			sourceTree = "<group>";
		};
		CFC67C5E2A095E3200F43F51 /* LottieView */ = {
			isa = PBXGroup;
			children = (
				CFC67C622A095E5900F43F51 /* LottieView.swift */,
			);
			path = LottieView;
			sourceTree = "<group>";
		};
		CFC67C5F2A095E3A00F43F51 /* LottieJson */ = {
			isa = PBXGroup;
			children = (
				CFC67C602A095E4C00F43F51 /* rocket.json */,
			);
			path = LottieJson;
			sourceTree = "<group>";
		};
/* End PBXGroup section */

/* Begin PBXNativeTarget section */
		CA0A270D29EE43A300558617 /* TrainingSwift */ = {
			isa = PBXNativeTarget;
			buildConfigurationList = CA0A271C29EE43A400558617 /* Build configuration list for PBXNativeTarget "TrainingSwift" */;
			buildPhases = (
				CA0A270A29EE43A300558617 /* Sources */,
				CA0A270B29EE43A300558617 /* Frameworks */,
				CA0A270C29EE43A300558617 /* Resources */,
			);
			buildRules = (
			);
			dependencies = (
			);
			name = TrainingSwift;
			packageProductDependencies = (
				CFC67C582A095DC100F43F51 /* Lottie */,
			);
			productName = TrainingSwift;
			productReference = CA0A270E29EE43A300558617 /* TrainingSwift.app */;
			productType = "com.apple.product-type.application";
		};
/* End PBXNativeTarget section */

/* Begin PBXProject section */
		CA0A270629EE43A300558617 /* Project object */ = {
			isa = PBXProject;
			attributes = {
				BuildIndependentTargetsInParallel = 1;
				LastSwiftUpdateCheck = 1420;
				LastUpgradeCheck = 1420;
				TargetAttributes = {
					CA0A270D29EE43A300558617 = {
						CreatedOnToolsVersion = 14.2;
					};
				};
			};
			buildConfigurationList = CA0A270929EE43A300558617 /* Build configuration list for PBXProject "TrainingSwift" */;
			compatibilityVersion = "Xcode 14.0";
			developmentRegion = en;
			hasScannedForEncodings = 0;
			knownRegions = (
				en,
				Base,
			);
			mainGroup = CA0A270529EE43A300558617;
			packageReferences = (
				CFC67C572A095DC100F43F51 /* XCRemoteSwiftPackageReference "lottie-ios" */,
			);
			productRefGroup = CA0A270F29EE43A300558617 /* Products */;
			projectDirPath = "";
			projectRoot = "";
			targets = (
				CA0A270D29EE43A300558617 /* TrainingSwift */,
			);
		};
/* End PBXProject section */

/* Begin PBXResourcesBuildPhase section */
		CA0A270C29EE43A300558617 /* Resources */ = {
			isa = PBXResourcesBuildPhase;
			buildActionMask = 2147483647;
			files = (
				CA0A271929EE43A400558617 /* Preview Assets.xcassets in Resources */,
				CA0A271629EE43A400558617 /* Assets.xcassets in Resources */,
				CFC67C612A095E4C00F43F51 /* rocket.json in Resources */,
			);
			runOnlyForDeploymentPostprocessing = 0;
		};
/* End PBXResourcesBuildPhase section */

/* Begin PBXSourcesBuildPhase section */
		CA0A270A29EE43A300558617 /* Sources */ = {
			isa = PBXSourcesBuildPhase;
			buildActionMask = 2147483647;
			files = (
				CA101F222A03DF5800BFBA07 /* MapModel.swift in Sources */,
				CAE70A2C29F0E8B4000A2400 /* TabBarView.swift in Sources */,
				CA2178DA2A02007E005C90D5 /* NavigationSheet.swift in Sources */,
				CA7836E02A05FC0D00BC4292 /* Image+.swift in Sources */,
				CACAA7B229F6B19D00C77977 /* Padding.swift in Sources */,
				CACFBFDC29FA1D65005EF72E /* PokemonDetailView.swift in Sources */,
				CA0A271229EE43A300558617 /* TrainingSwiftApp.swift in Sources */,
				CFC67C562A095D9000F43F51 /* Abilities.swift in Sources */,
				CA36056C29F1B0F500A1F146 /* PrimaryButton.swift in Sources */,
				CAE70A2929F0DE9B000A2400 /* Color+.swift in Sources */,
				CA0A449B29FB6F7600903AC0 /* CardView.swift in Sources */,
				CA36057129F1B88600A1F146 /* View+.swift in Sources */,
				CFC67C652A095E9900F43F51 /* LottieAnimationExample.swift in Sources */,
				CACFBF7B29FA182E005EF72E /* APIManager.swift in Sources */,
				CA101F202A03DF4E00BFBA07 /* MapViewModel.swift in Sources */,
				CFC67C552A095D9000F43F51 /* PokemonDetails.swift in Sources */,
				CA2178D72A020067005C90D5 /* NavigationStackExample.swift in Sources */,
				CAA699AC2A013BDA009C0025 /* BiometricAuthView.swift in Sources */,
				CA3D762529F77C5100D905BA /* ApiView.swift in Sources */,
				CA101F1E2A03DF4400BFBA07 /* MapView.swift in Sources */,
				CA0A449E29FB6FFC00903AC0 /* ProfileComposableView.swift in Sources */,
				CACFBFDE29FA213A005EF72E /* Ability.swift in Sources */,
				CA3D762729F77C7800D905BA /* PokemonModel.swift in Sources */,
				CA7836DD2A05F62300BC4292 /* MatchedGeometry.swift in Sources */,
				CA36056829F199D000A1F146 /* FormModel.swift in Sources */,
				CAA699AA2A013BC9009C0025 /* BiometricViewModel.swift in Sources */,
				CA2178DD2A020096005C90D5 /* Halfsheet.swift in Sources */,
				CA36056129F1991800A1F146 /* FormView.swift in Sources */,
				CA7836DA2A05F44100BC4292 /* BottomSheetView.swift in Sources */,
				CA2178E02A0206B1005C90D5 /* CustomAlertView.swift in Sources */,
				CA3D762929F77E5800D905BA /* ApiViewModel.swift in Sources */,
				CA4EF5172A00BB29002E9DD8 /* CustomCardView.swift in Sources */,
				CA36056E29F1B2F900A1F146 /* StudentListView.swift in Sources */,
				CFC67C632A095E5900F43F51 /* LottieView.swift in Sources */,
				CAA699B02A014486009C0025 /* ExpandableView.swift in Sources */,
				CA36056429F199B500A1F146 /* FormViewModel.swift in Sources */,
			);
			runOnlyForDeploymentPostprocessing = 0;
		};
/* End PBXSourcesBuildPhase section */

/* Begin XCBuildConfiguration section */
		CA0A271A29EE43A400558617 /* Debug */ = {
			isa = XCBuildConfiguration;
			buildSettings = {
				ALWAYS_SEARCH_USER_PATHS = NO;
				CLANG_ANALYZER_NONNULL = YES;
				CLANG_ANALYZER_NUMBER_OBJECT_CONVERSION = YES_AGGRESSIVE;
				CLANG_CXX_LANGUAGE_STANDARD = "gnu++20";
				CLANG_ENABLE_MODULES = YES;
				CLANG_ENABLE_OBJC_ARC = YES;
				CLANG_ENABLE_OBJC_WEAK = YES;
				CLANG_WARN_BLOCK_CAPTURE_AUTORELEASING = YES;
				CLANG_WARN_BOOL_CONVERSION = YES;
				CLANG_WARN_COMMA = YES;
				CLANG_WARN_CONSTANT_CONVERSION = YES;
				CLANG_WARN_DEPRECATED_OBJC_IMPLEMENTATIONS = YES;
				CLANG_WARN_DIRECT_OBJC_ISA_USAGE = YES_ERROR;
				CLANG_WARN_DOCUMENTATION_COMMENTS = YES;
				CLANG_WARN_EMPTY_BODY = YES;
				CLANG_WARN_ENUM_CONVERSION = YES;
				CLANG_WARN_INFINITE_RECURSION = YES;
				CLANG_WARN_INT_CONVERSION = YES;
				CLANG_WARN_NON_LITERAL_NULL_CONVERSION = YES;
				CLANG_WARN_OBJC_IMPLICIT_RETAIN_SELF = YES;
				CLANG_WARN_OBJC_LITERAL_CONVERSION = YES;
				CLANG_WARN_OBJC_ROOT_CLASS = YES_ERROR;
				CLANG_WARN_QUOTED_INCLUDE_IN_FRAMEWORK_HEADER = YES;
				CLANG_WARN_RANGE_LOOP_ANALYSIS = YES;
				CLANG_WARN_STRICT_PROTOTYPES = YES;
				CLANG_WARN_SUSPICIOUS_MOVE = YES;
				CLANG_WARN_UNGUARDED_AVAILABILITY = YES_AGGRESSIVE;
				CLANG_WARN_UNREACHABLE_CODE = YES;
				CLANG_WARN__DUPLICATE_METHOD_MATCH = YES;
				COPY_PHASE_STRIP = NO;
				DEBUG_INFORMATION_FORMAT = dwarf;
				ENABLE_STRICT_OBJC_MSGSEND = YES;
				ENABLE_TESTABILITY = YES;
				GCC_C_LANGUAGE_STANDARD = gnu11;
				GCC_DYNAMIC_NO_PIC = NO;
				GCC_NO_COMMON_BLOCKS = YES;
				GCC_OPTIMIZATION_LEVEL = 0;
				GCC_PREPROCESSOR_DEFINITIONS = (
					"DEBUG=1",
					"$(inherited)",
				);
				GCC_WARN_64_TO_32_BIT_CONVERSION = YES;
				GCC_WARN_ABOUT_RETURN_TYPE = YES_ERROR;
				GCC_WARN_UNDECLARED_SELECTOR = YES;
				GCC_WARN_UNINITIALIZED_AUTOS = YES_AGGRESSIVE;
				GCC_WARN_UNUSED_FUNCTION = YES;
				GCC_WARN_UNUSED_VARIABLE = YES;
				IPHONEOS_DEPLOYMENT_TARGET = 16.2;
				MTL_ENABLE_DEBUG_INFO = INCLUDE_SOURCE;
				MTL_FAST_MATH = YES;
				ONLY_ACTIVE_ARCH = YES;
				SDKROOT = iphoneos;
				SWIFT_ACTIVE_COMPILATION_CONDITIONS = DEBUG;
				SWIFT_OPTIMIZATION_LEVEL = "-Onone";
			};
			name = Debug;
		};
		CA0A271B29EE43A400558617 /* Release */ = {
			isa = XCBuildConfiguration;
			buildSettings = {
				ALWAYS_SEARCH_USER_PATHS = NO;
				CLANG_ANALYZER_NONNULL = YES;
				CLANG_ANALYZER_NUMBER_OBJECT_CONVERSION = YES_AGGRESSIVE;
				CLANG_CXX_LANGUAGE_STANDARD = "gnu++20";
				CLANG_ENABLE_MODULES = YES;
				CLANG_ENABLE_OBJC_ARC = YES;
				CLANG_ENABLE_OBJC_WEAK = YES;
				CLANG_WARN_BLOCK_CAPTURE_AUTORELEASING = YES;
				CLANG_WARN_BOOL_CONVERSION = YES;
				CLANG_WARN_COMMA = YES;
				CLANG_WARN_CONSTANT_CONVERSION = YES;
				CLANG_WARN_DEPRECATED_OBJC_IMPLEMENTATIONS = YES;
				CLANG_WARN_DIRECT_OBJC_ISA_USAGE = YES_ERROR;
				CLANG_WARN_DOCUMENTATION_COMMENTS = YES;
				CLANG_WARN_EMPTY_BODY = YES;
				CLANG_WARN_ENUM_CONVERSION = YES;
				CLANG_WARN_INFINITE_RECURSION = YES;
				CLANG_WARN_INT_CONVERSION = YES;
				CLANG_WARN_NON_LITERAL_NULL_CONVERSION = YES;
				CLANG_WARN_OBJC_IMPLICIT_RETAIN_SELF = YES;
				CLANG_WARN_OBJC_LITERAL_CONVERSION = YES;
				CLANG_WARN_OBJC_ROOT_CLASS = YES_ERROR;
				CLANG_WARN_QUOTED_INCLUDE_IN_FRAMEWORK_HEADER = YES;
				CLANG_WARN_RANGE_LOOP_ANALYSIS = YES;
				CLANG_WARN_STRICT_PROTOTYPES = YES;
				CLANG_WARN_SUSPICIOUS_MOVE = YES;
				CLANG_WARN_UNGUARDED_AVAILABILITY = YES_AGGRESSIVE;
				CLANG_WARN_UNREACHABLE_CODE = YES;
				CLANG_WARN__DUPLICATE_METHOD_MATCH = YES;
				COPY_PHASE_STRIP = NO;
				DEBUG_INFORMATION_FORMAT = "dwarf-with-dsym";
				ENABLE_NS_ASSERTIONS = NO;
				ENABLE_STRICT_OBJC_MSGSEND = YES;
				GCC_C_LANGUAGE_STANDARD = gnu11;
				GCC_NO_COMMON_BLOCKS = YES;
				GCC_WARN_64_TO_32_BIT_CONVERSION = YES;
				GCC_WARN_ABOUT_RETURN_TYPE = YES_ERROR;
				GCC_WARN_UNDECLARED_SELECTOR = YES;
				GCC_WARN_UNINITIALIZED_AUTOS = YES_AGGRESSIVE;
				GCC_WARN_UNUSED_FUNCTION = YES;
				GCC_WARN_UNUSED_VARIABLE = YES;
				IPHONEOS_DEPLOYMENT_TARGET = 16.2;
				MTL_ENABLE_DEBUG_INFO = NO;
				MTL_FAST_MATH = YES;
				SDKROOT = iphoneos;
				SWIFT_COMPILATION_MODE = wholemodule;
				SWIFT_OPTIMIZATION_LEVEL = "-O";
				VALIDATE_PRODUCT = YES;
			};
			name = Release;
		};
		CA0A271D29EE43A400558617 /* Debug */ = {
			isa = XCBuildConfiguration;
			buildSettings = {
				ASSETCATALOG_COMPILER_APPICON_NAME = AppIcon;
				ASSETCATALOG_COMPILER_GLOBAL_ACCENT_COLOR_NAME = AccentColor;
				CODE_SIGN_STYLE = Automatic;
				CURRENT_PROJECT_VERSION = 1;
				DEVELOPMENT_ASSET_PATHS = "\"TrainingSwift/Preview Content\"";
				ENABLE_PREVIEWS = YES;
				GENERATE_INFOPLIST_FILE = YES;
				INFOPLIST_FILE = TrainingSwift/Info.plist;
				INFOPLIST_KEY_NSFaceIDUsageDescription = "\"This application need Face-ID for authentication\"";
				INFOPLIST_KEY_UIApplicationSceneManifest_Generation = YES;
				INFOPLIST_KEY_UIApplicationSupportsIndirectInputEvents = YES;
				INFOPLIST_KEY_UILaunchScreen_Generation = YES;
				INFOPLIST_KEY_UISupportedInterfaceOrientations_iPad = "UIInterfaceOrientationPortrait UIInterfaceOrientationPortraitUpsideDown UIInterfaceOrientationLandscapeLeft UIInterfaceOrientationLandscapeRight";
				INFOPLIST_KEY_UISupportedInterfaceOrientations_iPhone = "UIInterfaceOrientationPortrait UIInterfaceOrientationLandscapeLeft UIInterfaceOrientationLandscapeRight";
				LD_RUNPATH_SEARCH_PATHS = (
					"$(inherited)",
					"@executable_path/Frameworks",
				);
				MARKETING_VERSION = 1.0;
				PRODUCT_BUNDLE_IDENTIFIER = com.A11Y.ash.TrainingSwift;
				PRODUCT_NAME = "$(TARGET_NAME)";
				SWIFT_EMIT_LOC_STRINGS = YES;
				SWIFT_VERSION = 5.0;
				TARGETED_DEVICE_FAMILY = "1,2";
			};
			name = Debug;
		};
		CA0A271E29EE43A400558617 /* Release */ = {
			isa = XCBuildConfiguration;
			buildSettings = {
				ASSETCATALOG_COMPILER_APPICON_NAME = AppIcon;
				ASSETCATALOG_COMPILER_GLOBAL_ACCENT_COLOR_NAME = AccentColor;
				CODE_SIGN_STYLE = Automatic;
				CURRENT_PROJECT_VERSION = 1;
				DEVELOPMENT_ASSET_PATHS = "\"TrainingSwift/Preview Content\"";
				ENABLE_PREVIEWS = YES;
				GENERATE_INFOPLIST_FILE = YES;
				INFOPLIST_FILE = TrainingSwift/Info.plist;
				INFOPLIST_KEY_NSFaceIDUsageDescription = "\"This application need Face-ID for authentication\"";
				INFOPLIST_KEY_UIApplicationSceneManifest_Generation = YES;
				INFOPLIST_KEY_UIApplicationSupportsIndirectInputEvents = YES;
				INFOPLIST_KEY_UILaunchScreen_Generation = YES;
				INFOPLIST_KEY_UISupportedInterfaceOrientations_iPad = "UIInterfaceOrientationPortrait UIInterfaceOrientationPortraitUpsideDown UIInterfaceOrientationLandscapeLeft UIInterfaceOrientationLandscapeRight";
				INFOPLIST_KEY_UISupportedInterfaceOrientations_iPhone = "UIInterfaceOrientationPortrait UIInterfaceOrientationLandscapeLeft UIInterfaceOrientationLandscapeRight";
				LD_RUNPATH_SEARCH_PATHS = (
					"$(inherited)",
					"@executable_path/Frameworks",
				);
				MARKETING_VERSION = 1.0;
				PRODUCT_BUNDLE_IDENTIFIER = com.A11Y.ash.TrainingSwift;
				PRODUCT_NAME = "$(TARGET_NAME)";
				SWIFT_EMIT_LOC_STRINGS = YES;
				SWIFT_VERSION = 5.0;
				TARGETED_DEVICE_FAMILY = "1,2";
			};
			name = Release;
		};
/* End XCBuildConfiguration section */

/* Begin XCConfigurationList section */
		CA0A270929EE43A300558617 /* Build configuration list for PBXProject "TrainingSwift" */ = {
			isa = XCConfigurationList;
			buildConfigurations = (
				CA0A271A29EE43A400558617 /* Debug */,
				CA0A271B29EE43A400558617 /* Release */,
			);
			defaultConfigurationIsVisible = 0;
			defaultConfigurationName = Release;
		};
		CA0A271C29EE43A400558617 /* Build configuration list for PBXNativeTarget "TrainingSwift" */ = {
			isa = XCConfigurationList;
			buildConfigurations = (
				CA0A271D29EE43A400558617 /* Debug */,
				CA0A271E29EE43A400558617 /* Release */,
			);
			defaultConfigurationIsVisible = 0;
			defaultConfigurationName = Release;
		};
/* End XCConfigurationList section */

/* Begin XCRemoteSwiftPackageReference section */
		CFC67C572A095DC100F43F51 /* XCRemoteSwiftPackageReference "lottie-ios" */ = {
			isa = XCRemoteSwiftPackageReference;
			repositoryURL = "https://github.com/airbnb/lottie-ios";
			requirement = {
				branch = master;
				kind = branch;
			};
		};
/* End XCRemoteSwiftPackageReference section */

/* Begin XCSwiftPackageProductDependency section */
		CFC67C582A095DC100F43F51 /* Lottie */ = {
			isa = XCSwiftPackageProductDependency;
			package = CFC67C572A095DC100F43F51 /* XCRemoteSwiftPackageReference "lottie-ios" */;
			productName = Lottie;
		};
/* End XCSwiftPackageProductDependency section */
	};
	rootObject = CA0A270629EE43A300558617 /* Project object */;
}
